
Microsoft Visual Studio Solution File, Format Version 12.00
# Visual Studio Version 16
VisualStudioVersion = 16.0.29728.190
MinimumVisualStudioVersion = 10.0.40219.1
Project("{FAE04EC0-301F-11D3-BF4B-00C04F79EFBC}") = "WpfApp1", "WpfApp1\WpfApp1.csproj", "{AB65131E-61E7-4A43-BD0C-0D02F290FE81}"
EndProject
Global
	GlobalSection(SolutionConfigurationPlatforms) = preSolution
		Debug|Any CPU = Debug|Any CPU
		Release|Any CPU = Release|Any CPU
	EndGlobalSection
	GlobalSection(ProjectConfigurationPlatforms) = postSolution
		{AB65131E-61E7-4A43-BD0C-0D02F290FE81}.Debug|Any CPU.ActiveCfg = Debug|Any CPU
		{AB65131E-61E7-4A43-BD0C-0D02F290FE81}.Debug|Any CPU.Build.0 = Debug|Any CPU
		{AB65131E-61E7-4A43-BD0C-0D02F290FE81}.Release|Any CPU.ActiveCfg = Release|Any CPU
		{AB65131E-61E7-4A43-BD0C-0D02F290FE81}.Release|Any CPU.Build.0 = Release|Any CPU
	EndGlobalSection
	GlobalSection(SolutionProperties) = preSolution
		HideSolutionNode = FALSE
	EndGlobalSection
	GlobalSection(ExtensibilityGlobals) = postSolution
		SolutionGuid = {73353A35-FD35-4E69-8CA9-5E13E58D9148}
	EndGlobalSection
EndGlobal
